{
	"name": "paired_trial",
	"lockfileVersion": 3,
	"requires": true,
	"packages": {
		"": {
			"dependencies": {
				"ssf": "0.11.2"
			}
		},
		"node_modules/frac": {
			"version": "1.1.2",
			"resolved": "https://registry.npmjs.org/frac/-/frac-1.1.2.tgz",
			"integrity": "sha512-w/XBfkibaTl3YDqASwfDUqkna4Z2p9cFSr1aHDt0WoMTECnRfBOv2WArlZILlqgWlmdIlALXGpM2AOhEk5W3IA==",
			"license": "Apache-2.0",
			"engines": {
				"node": ">=0.8"
			}
		},
		"node_modules/ssf": {
			"version": "0.11.2",
			"resolved": "https://registry.npmjs.org/ssf/-/ssf-0.11.2.tgz",
			"integrity": "sha512-+idbmIXoYET47hH+d7dfm2epdOMUDjqcB4648sTZ+t2JwoyBFL/insLfB/racrDmsKB3diwsDA696pZMieAC5g==",
			"license": "Apache-2.0",
			"dependencies": {
				"frac": "~1.1.2"
			},
			"engines": {
				"node": ">=0.8"
			}
		}
	}
}
